// !$*UTF8*$!
{
	archiveVersion = 1;
	classes = {
	};
	objectVersion = 55;
	objects = {

/* Begin PBXBuildFile section */
		38AFE4D1B50C900B47D6E3FF /* Pods_StskApp.framework in Frameworks */ = {isa = PBXBuildFile; fileRef = D5EF4F36B263CC9066E33020 /* Pods_StskApp.framework */; };
		A78440D52928D21A008EA968 /* Updatingtask.swift in Sources */ = {isa = PBXBuildFile; fileRef = A78440D42928D21A008EA968 /* Updatingtask.swift */; };
		A7A84BBC2921C188007B59BB /* Constants.swift in Sources */ = {isa = PBXBuildFile; fileRef = A7A84BBB2921C188007B59BB /* Constants.swift */; };
		A7EF4F2F2921CAB7004FA001 /* LoginViewController.swift in Sources */ = {isa = PBXBuildFile; fileRef = A7EF4F2E2921CAB7004FA001 /* LoginViewController.swift */; };
		A7EF4F322921CE4F004FA001 /* GetToken.swift in Sources */ = {isa = PBXBuildFile; fileRef = A7EF4F312921CE4F004FA001 /* GetToken.swift */; };
		A7EF4F3829227C14004FA001 /* IndexViewController.swift in Sources */ = {isa = PBXBuildFile; fileRef = A7EF4F3729227C14004FA001 /* IndexViewController.swift */; };
		A7EF4F3A29229358004FA001 /* Index.swift in Sources */ = {isa = PBXBuildFile; fileRef = A7EF4F3929229358004FA001 /* Index.swift */; };
		A7EF4F3F292464C7004FA001 /* TaskTableViewCell.swift in Sources */ = {isa = PBXBuildFile; fileRef = A7EF4F3E292464C7004FA001 /* TaskTableViewCell.swift */; };
		A7EF4F41292465E3004FA001 /* Task.swift in Sources */ = {isa = PBXBuildFile; fileRef = A7EF4F40292465E3004FA001 /* Task.swift */; };
		A7EF4F432924668B004FA001 /* User.swift in Sources */ = {isa = PBXBuildFile; fileRef = A7EF4F422924668B004FA001 /* User.swift */; };
		A7EF4F4529246708004FA001 /* LoadToken.swift in Sources */ = {isa = PBXBuildFile; fileRef = A7EF4F4429246708004FA001 /* LoadToken.swift */; };
		A7EF4F472925FE22004FA001 /* DetailViewController.swift in Sources */ = {isa = PBXBuildFile; fileRef = A7EF4F462925FE22004FA001 /* DetailViewController.swift */; };
		A7EF4F492925FFAC004FA001 /* CreateViewController.swift in Sources */ = {isa = PBXBuildFile; fileRef = A7EF4F482925FFAC004FA001 /* CreateViewController.swift */; };
		A7EF4F4B2925FFCB004FA001 /* EditViewController.swift in Sources */ = {isa = PBXBuildFile; fileRef = A7EF4F4A2925FFCB004FA001 /* EditViewController.swift */; };
		D26F188E2915A15D00BEA18B /* AppDelegate.swift in Sources */ = {isa = PBXBuildFile; fileRef = D26F188D2915A15D00BEA18B /* AppDelegate.swift */; };
		D26F18902915A15D00BEA18B /* SceneDelegate.swift in Sources */ = {isa = PBXBuildFile; fileRef = D26F188F2915A15D00BEA18B /* SceneDelegate.swift */; };
		D26F18922915A15D00BEA18B /* ViewController.swift in Sources */ = {isa = PBXBuildFile; fileRef = D26F18912915A15D00BEA18B /* ViewController.swift */; };
		D26F18952915A15D00BEA18B /* Main.storyboard in Resources */ = {isa = PBXBuildFile; fileRef = D26F18932915A15D00BEA18B /* Main.storyboard */; };
		D26F18972915A15F00BEA18B /* Assets.xcassets in Resources */ = {isa = PBXBuildFile; fileRef = D26F18962915A15F00BEA18B /* Assets.xcassets */; };
		D26F189A2915A15F00BEA18B /* LaunchScreen.storyboard in Resources */ = {isa = PBXBuildFile; fileRef = D26F18982915A15F00BEA18B /* LaunchScreen.storyboard */; };
/* End PBXBuildFile section */

/* Begin PBXFileReference section */
		A78440D42928D21A008EA968 /* Updatingtask.swift */ = {isa = PBXFileReference; lastKnownFileType = sourcecode.swift; path = Updatingtask.swift; sourceTree = "<group>"; };
		A7A84BBB2921C188007B59BB /* Constants.swift */ = {isa = PBXFileReference; lastKnownFileType = sourcecode.swift; path = Constants.swift; sourceTree = "<group>"; };
		A7EF4F2E2921CAB7004FA001 /* LoginViewController.swift */ = {isa = PBXFileReference; lastKnownFileType = sourcecode.swift; path = LoginViewController.swift; sourceTree = "<group>"; };
		A7EF4F312921CE4F004FA001 /* GetToken.swift */ = {isa = PBXFileReference; lastKnownFileType = sourcecode.swift; path = GetToken.swift; sourceTree = "<group>"; };
		A7EF4F3729227C14004FA001 /* IndexViewController.swift */ = {isa = PBXFileReference; lastKnownFileType = sourcecode.swift; path = IndexViewController.swift; sourceTree = "<group>"; };
		A7EF4F3929229358004FA001 /* Index.swift */ = {isa = PBXFileReference; lastKnownFileType = sourcecode.swift; path = Index.swift; sourceTree = "<group>"; };
		A7EF4F3E292464C7004FA001 /* TaskTableViewCell.swift */ = {isa = PBXFileReference; lastKnownFileType = sourcecode.swift; path = TaskTableViewCell.swift; sourceTree = "<group>"; };
		A7EF4F40292465E3004FA001 /* Task.swift */ = {isa = PBXFileReference; lastKnownFileType = sourcecode.swift; path = Task.swift; sourceTree = "<group>"; };
		A7EF4F422924668B004FA001 /* User.swift */ = {isa = PBXFileReference; lastKnownFileType = sourcecode.swift; path = User.swift; sourceTree = "<group>"; };
		A7EF4F4429246708004FA001 /* LoadToken.swift */ = {isa = PBXFileReference; lastKnownFileType = sourcecode.swift; path = LoadToken.swift; sourceTree = "<group>"; };
		A7EF4F462925FE22004FA001 /* DetailViewController.swift */ = {isa = PBXFileReference; lastKnownFileType = sourcecode.swift; path = DetailViewController.swift; sourceTree = "<group>"; };
		A7EF4F482925FFAC004FA001 /* CreateViewController.swift */ = {isa = PBXFileReference; lastKnownFileType = sourcecode.swift; path = CreateViewController.swift; sourceTree = "<group>"; };
		A7EF4F4A2925FFCB004FA001 /* EditViewController.swift */ = {isa = PBXFileReference; lastKnownFileType = sourcecode.swift; path = EditViewController.swift; sourceTree = "<group>"; };
		B35487CF5B99429BBABCDEE8 /* Pods-StskApp.debug.xcconfig */ = {isa = PBXFileReference; includeInIndex = 1; lastKnownFileType = text.xcconfig; name = "Pods-StskApp.debug.xcconfig"; path = "Target Support Files/Pods-StskApp/Pods-StskApp.debug.xcconfig"; sourceTree = "<group>"; };
		D26F188A2915A15D00BEA18B /* StskApp.app */ = {isa = PBXFileReference; explicitFileType = wrapper.application; includeInIndex = 0; path = StskApp.app; sourceTree = BUILT_PRODUCTS_DIR; };
		D26F188D2915A15D00BEA18B /* AppDelegate.swift */ = {isa = PBXFileReference; lastKnownFileType = sourcecode.swift; path = AppDelegate.swift; sourceTree = "<group>"; };
		D26F188F2915A15D00BEA18B /* SceneDelegate.swift */ = {isa = PBXFileReference; lastKnownFileType = sourcecode.swift; path = SceneDelegate.swift; sourceTree = "<group>"; };
		D26F18912915A15D00BEA18B /* ViewController.swift */ = {isa = PBXFileReference; lastKnownFileType = sourcecode.swift; path = ViewController.swift; sourceTree = "<group>"; };
		D26F18942915A15D00BEA18B /* Base */ = {isa = PBXFileReference; lastKnownFileType = file.storyboard; name = Base; path = Base.lproj/Main.storyboard; sourceTree = "<group>"; };
		D26F18962915A15F00BEA18B /* Assets.xcassets */ = {isa = PBXFileReference; lastKnownFileType = folder.assetcatalog; path = Assets.xcassets; sourceTree = "<group>"; };
		D26F18992915A15F00BEA18B /* Base */ = {isa = PBXFileReference; lastKnownFileType = file.storyboard; name = Base; path = Base.lproj/LaunchScreen.storyboard; sourceTree = "<group>"; };
		D26F189B2915A15F00BEA18B /* Info.plist */ = {isa = PBXFileReference; lastKnownFileType = text.plist.xml; path = Info.plist; sourceTree = "<group>"; };
		D5EF4F36B263CC9066E33020 /* Pods_StskApp.framework */ = {isa = PBXFileReference; explicitFileType = wrapper.framework; includeInIndex = 0; path = Pods_StskApp.framework; sourceTree = BUILT_PRODUCTS_DIR; };
		F322594C1EDD971F1638198B /* Pods-StskApp.release.xcconfig */ = {isa = PBXFileReference; includeInIndex = 1; lastKnownFileType = text.xcconfig; name = "Pods-StskApp.release.xcconfig"; path = "Target Support Files/Pods-StskApp/Pods-StskApp.release.xcconfig"; sourceTree = "<group>"; };
/* End PBXFileReference section */

/* Begin PBXFrameworksBuildPhase section */
		D26F18872915A15D00BEA18B /* Frameworks */ = {
			isa = PBXFrameworksBuildPhase;
			buildActionMask = 2147483647;
			files = (
				38AFE4D1B50C900B47D6E3FF /* Pods_StskApp.framework in Frameworks */,
			);
			runOnlyForDeploymentPostprocessing = 0;
		};
/* End PBXFrameworksBuildPhase section */

/* Begin PBXGroup section */
		A7EF4F302921CE0D004FA001 /* Models */ = {
			isa = PBXGroup;
			children = (
				A7A84BBB2921C188007B59BB /* Constants.swift */,
				A7EF4F312921CE4F004FA001 /* GetToken.swift */,
				A7EF4F3929229358004FA001 /* Index.swift */,
				A7EF4F40292465E3004FA001 /* Task.swift */,
				A7EF4F422924668B004FA001 /* User.swift */,
				A7EF4F4429246708004FA001 /* LoadToken.swift */,
				D26F188D2915A15D00BEA18B /* AppDelegate.swift */,
			);
			path = Models;
			sourceTree = "<group>";
		};
		A7EF4F4C2925FFD6004FA001 /* VCs */ = {
			isa = PBXGroup;
			children = (
				A7EF4F2E2921CAB7004FA001 /* LoginViewController.swift */,
				A7EF4F3729227C14004FA001 /* IndexViewController.swift */,
				A7EF4F462925FE22004FA001 /* DetailViewController.swift */,
				A7EF4F482925FFAC004FA001 /* CreateViewController.swift */,
				A7EF4F4A2925FFCB004FA001 /* EditViewController.swift */,
				A78440D42928D21A008EA968 /* Updatingtask.swift */,
				A7EF4F3E292464C7004FA001 /* TaskTableViewCell.swift */,
			);
			path = VCs;
			sourceTree = "<group>";
		};
		C34C948D901E5D45D93A9C82 /* Frameworks */ = {
			isa = PBXGroup;
			children = (
				D5EF4F36B263CC9066E33020 /* Pods_StskApp.framework */,
			);
			name = Frameworks;
			sourceTree = "<group>";
		};
		D26F18812915A15D00BEA18B = {
			isa = PBXGroup;
			children = (
				D26F188C2915A15D00BEA18B /* StskApp */,
				D26F188B2915A15D00BEA18B /* Products */,
				EF9AEE31F94FA4BFE1237D4D /* Pods */,
				C34C948D901E5D45D93A9C82 /* Frameworks */,
			);
			sourceTree = "<group>";
		};
		D26F188B2915A15D00BEA18B /* Products */ = {
			isa = PBXGroup;
			children = (
				D26F188A2915A15D00BEA18B /* StskApp.app */,
			);
			name = Products;
			sourceTree = "<group>";
		};
		D26F188C2915A15D00BEA18B /* StskApp */ = {
			isa = PBXGroup;
			children = (
				A7EF4F4C2925FFD6004FA001 /* VCs */,
				A7EF4F302921CE0D004FA001 /* Models */,
				D26F188F2915A15D00BEA18B /* SceneDelegate.swift */,
				D26F18912915A15D00BEA18B /* ViewController.swift */,
				D26F18932915A15D00BEA18B /* Main.storyboard */,
				D26F18962915A15F00BEA18B /* Assets.xcassets */,
				D26F18982915A15F00BEA18B /* LaunchScreen.storyboard */,
				D26F189B2915A15F00BEA18B /* Info.plist */,
			);
			path = StskApp;
			sourceTree = "<group>";
		};
		EF9AEE31F94FA4BFE1237D4D /* Pods */ = {
			isa = PBXGroup;
			children = (
				B35487CF5B99429BBABCDEE8 /* Pods-StskApp.debug.xcconfig */,
				F322594C1EDD971F1638198B /* Pods-StskApp.release.xcconfig */,
			);
			path = Pods;
			sourceTree = "<group>";
		};
/* End PBXGroup section */

/* Begin PBXNativeTarget section */
		D26F18892915A15D00BEA18B /* StskApp */ = {
			isa = PBXNativeTarget;
			buildConfigurationList = D26F189E2915A15F00BEA18B /* Build configuration list for PBXNativeTarget "StskApp" */;
			buildPhases = (
				D588726261CDE956056743E5 /* [CP] Check Pods Manifest.lock */,
				D26F18862915A15D00BEA18B /* Sources */,
				D26F18872915A15D00BEA18B /* Frameworks */,
				D26F18882915A15D00BEA18B /* Resources */,
				881D3B5EC63199527CD9550B /* [CP] Embed Pods Frameworks */,
			);
			buildRules = (
			);
			dependencies = (
			);
			name = StskApp;
			productName = "API-BlogApp";
			productReference = D26F188A2915A15D00BEA18B /* StskApp.app */;
			productType = "com.apple.product-type.application";
		};
/* End PBXNativeTarget section */

/* Begin PBXProject section */
		D26F18822915A15D00BEA18B /* Project object */ = {
			isa = PBXProject;
			attributes = {
				BuildIndependentTargetsInParallel = 1;
				LastSwiftUpdateCheck = 1400;
				LastUpgradeCheck = 1400;
				TargetAttributes = {
					D26F18892915A15D00BEA18B = {
						CreatedOnToolsVersion = 14.0.1;
					};
				};
			};
			buildConfigurationList = D26F18852915A15D00BEA18B /* Build configuration list for PBXProject "StskApp" */;
			compatibilityVersion = "Xcode 13.0";
			developmentRegion = en;
			hasScannedForEncodings = 0;
			knownRegions = (
				en,
				Base,
			);
			mainGroup = D26F18812915A15D00BEA18B;
			productRefGroup = D26F188B2915A15D00BEA18B /* Products */;
			projectDirPath = "";
			projectRoot = "";
			targets = (
				D26F18892915A15D00BEA18B /* StskApp */,
			);
		};
/* End PBXProject section */

/* Begin PBXResourcesBuildPhase section */
		D26F18882915A15D00BEA18B /* Resources */ = {
			isa = PBXResourcesBuildPhase;
			buildActionMask = 2147483647;
			files = (
				D26F189A2915A15F00BEA18B /* LaunchScreen.storyboard in Resources */,
				D26F18972915A15F00BEA18B /* Assets.xcassets in Resources */,
				D26F18952915A15D00BEA18B /* Main.storyboard in Resources */,
			);
			runOnlyForDeploymentPostprocessing = 0;
		};
/* End PBXResourcesBuildPhase section */

/* Begin PBXShellScriptBuildPhase section */
		881D3B5EC63199527CD9550B /* [CP] Embed Pods Frameworks */ = {
			isa = PBXShellScriptBuildPhase;
			buildActionMask = 2147483647;
			files = (
			);
			inputFileListPaths = (
				"${PODS_ROOT}/Target Support Files/Pods-StskApp/Pods-StskApp-frameworks-${CONFIGURATION}-input-files.xcfilelist",
			);
			name = "[CP] Embed Pods Frameworks";
			outputFileListPaths = (
				"${PODS_ROOT}/Target Support Files/Pods-StskApp/Pods-StskApp-frameworks-${CONFIGURATION}-output-files.xcfilelist",
			);
			runOnlyForDeploymentPostprocessing = 0;
			shellPath = /bin/sh;
			shellScript = "\"${PODS_ROOT}/Target Support Files/Pods-StskApp/Pods-StskApp-frameworks.sh\"\n";
			showEnvVarsInLog = 0;
		};
		D588726261CDE956056743E5 /* [CP] Check Pods Manifest.lock */ = {
			isa = PBXShellScriptBuildPhase;
			buildActionMask = 2147483647;
			files = (
			);
			inputFileListPaths = (
			);
			inputPaths = (
				"${PODS_PODFILE_DIR_PATH}/Podfile.lock",
				"${PODS_ROOT}/Manifest.lock",
			);
			name = "[CP] Check Pods Manifest.lock";
			outputFileListPaths = (
			);
			outputPaths = (
				"$(DERIVED_FILE_DIR)/Pods-StskApp-checkManifestLockResult.txt",
			);
			runOnlyForDeploymentPostprocessing = 0;
			shellPath = /bin/sh;
			shellScript = "diff \"${PODS_PODFILE_DIR_PATH}/Podfile.lock\" \"${PODS_ROOT}/Manifest.lock\" > /dev/null\nif [ $? != 0 ] ; then\n    # print error to STDERR\n    echo \"error: The sandbox is not in sync with the Podfile.lock. Run 'pod install' or update your CocoaPods installation.\" >&2\n    exit 1\nfi\n# This output is used by Xcode 'outputs' to avoid re-running this script phase.\necho \"SUCCESS\" > \"${SCRIPT_OUTPUT_FILE_0}\"\n";
			showEnvVarsInLog = 0;
		};
/* End PBXShellScriptBuildPhase section */

/* Begin PBXSourcesBuildPhase section */
		D26F18862915A15D00BEA18B /* Sources */ = {
			isa = PBXSourcesBuildPhase;
			buildActionMask = 2147483647;
			files = (
				A7EF4F472925FE22004FA001 /* DetailViewController.swift in Sources */,
				D26F18922915A15D00BEA18B /* ViewController.swift in Sources */,
				A7EF4F492925FFAC004FA001 /* CreateViewController.swift in Sources */,
				D26F188E2915A15D00BEA18B /* AppDelegate.swift in Sources */,
				A7EF4F41292465E3004FA001 /* Task.swift in Sources */,
				A7EF4F4B2925FFCB004FA001 /* EditViewController.swift in Sources */,
				A7EF4F3F292464C7004FA001 /* TaskTableViewCell.swift in Sources */,
				A7EF4F322921CE4F004FA001 /* GetToken.swift in Sources */,
				D26F18902915A15D00BEA18B /* SceneDelegate.swift in Sources */,
				A7EF4F2F2921CAB7004FA001 /* LoginViewController.swift in Sources */,
				A7EF4F4529246708004FA001 /* LoadToken.swift in Sources */,
				A7EF4F3829227C14004FA001 /* IndexViewController.swift in Sources */,
				A78440D52928D21A008EA968 /* Updatingtask.swift in Sources */,
				A7EF4F3A29229358004FA001 /* Index.swift in Sources */,
				A7A84BBC2921C188007B59BB /* Constants.swift in Sources */,
				A7EF4F432924668B004FA001 /* User.swift in Sources */,
			);
			runOnlyForDeploymentPostprocessing = 0;
		};
/* End PBXSourcesBuildPhase section */

/* Begin PBXVariantGroup section */
		D26F18932915A15D00BEA18B /* Main.storyboard */ = {
			isa = PBXVariantGroup;
			children = (
				D26F18942915A15D00BEA18B /* Base */,
			);
			name = Main.storyboard;
			sourceTree = "<group>";
		};
		D26F18982915A15F00BEA18B /* LaunchScreen.storyboard */ = {
			isa = PBXVariantGroup;
			children = (
				D26F18992915A15F00BEA18B /* Base */,
			);
			name = LaunchScreen.storyboard;
			sourceTree = "<group>";
		};
/* End PBXVariantGroup section */

/* Begin XCBuildConfiguration section */
		D26F189C2915A15F00BEA18B /* Debug */ = {
			isa = XCBuildConfiguration;
			buildSettings = {
				ALWAYS_SEARCH_USER_PATHS = NO;
				CLANG_ANALYZER_NONNULL = YES;
				CLANG_ANALYZER_NUMBER_OBJECT_CONVERSION = YES_AGGRESSIVE;
				CLANG_CXX_LANGUAGE_STANDARD = "gnu++20";
				CLANG_ENABLE_MODULES = YES;
				CLANG_ENABLE_OBJC_ARC = YES;
				CLANG_ENABLE_OBJC_WEAK = YES;
				CLANG_WARN_BLOCK_CAPTURE_AUTORELEASING = YES;
				CLANG_WARN_BOOL_CONVERSION = YES;
				CLANG_WARN_COMMA = YES;
				CLANG_WARN_CONSTANT_CONVERSION = YES;
				CLANG_WARN_DEPRECATED_OBJC_IMPLEMENTATIONS = YES;
				CLANG_WARN_DIRECT_OBJC_ISA_USAGE = YES_ERROR;
				CLANG_WARN_DOCUMENTATION_COMMENTS = YES;
				CLANG_WARN_EMPTY_BODY = YES;
				CLANG_WARN_ENUM_CONVERSION = YES;
				CLANG_WARN_INFINITE_RECURSION = YES;
				CLANG_WARN_INT_CONVERSION = YES;
				CLANG_WARN_NON_LITERAL_NULL_CONVERSION = YES;
				CLANG_WARN_OBJC_IMPLICIT_RETAIN_SELF = YES;
				CLANG_WARN_OBJC_LITERAL_CONVERSION = YES;
				CLANG_WARN_OBJC_ROOT_CLASS = YES_ERROR;
				CLANG_WARN_QUOTED_INCLUDE_IN_FRAMEWORK_HEADER = YES;
				CLANG_WARN_RANGE_LOOP_ANALYSIS = YES;
				CLANG_WARN_STRICT_PROTOTYPES = YES;
				CLANG_WARN_SUSPICIOUS_MOVE = YES;
				CLANG_WARN_UNGUARDED_AVAILABILITY = YES_AGGRESSIVE;
				CLANG_WARN_UNREACHABLE_CODE = YES;
				CLANG_WARN__DUPLICATE_METHOD_MATCH = YES;
				COPY_PHASE_STRIP = NO;
				DEBUG_INFORMATION_FORMAT = dwarf;
				ENABLE_STRICT_OBJC_MSGSEND = YES;
				ENABLE_TESTABILITY = YES;
				GCC_C_LANGUAGE_STANDARD = gnu11;
				GCC_DYNAMIC_NO_PIC = NO;
				GCC_NO_COMMON_BLOCKS = YES;
				GCC_OPTIMIZATION_LEVEL = 0;
				GCC_PREPROCESSOR_DEFINITIONS = (
					"DEBUG=1",
					"$(inherited)",
				);
				GCC_WARN_64_TO_32_BIT_CONVERSION = YES;
				GCC_WARN_ABOUT_RETURN_TYPE = YES_ERROR;
				GCC_WARN_UNDECLARED_SELECTOR = YES;
				GCC_WARN_UNINITIALIZED_AUTOS = YES_AGGRESSIVE;
				GCC_WARN_UNUSED_FUNCTION = YES;
				GCC_WARN_UNUSED_VARIABLE = YES;
				IPHONEOS_DEPLOYMENT_TARGET = 16.0;
				MTL_ENABLE_DEBUG_INFO = INCLUDE_SOURCE;
				MTL_FAST_MATH = YES;
				ONLY_ACTIVE_ARCH = YES;
				SDKROOT = iphoneos;
				SWIFT_ACTIVE_COMPILATION_CONDITIONS = DEBUG;
				SWIFT_OPTIMIZATION_LEVEL = "-Onone";
			};
			name = Debug;
		};
		D26F189D2915A15F00BEA18B /* Release */ = {
			isa = XCBuildConfiguration;
			buildSettings = {
				ALWAYS_SEARCH_USER_PATHS = NO;
				CLANG_ANALYZER_NONNULL = YES;
				CLANG_ANALYZER_NUMBER_OBJECT_CONVERSION = YES_AGGRESSIVE;
				CLANG_CXX_LANGUAGE_STANDARD = "gnu++20";
				CLANG_ENABLE_MODULES = YES;
				CLANG_ENABLE_OBJC_ARC = YES;
				CLANG_ENABLE_OBJC_WEAK = YES;
				CLANG_WARN_BLOCK_CAPTURE_AUTORELEASING = YES;
				CLANG_WARN_BOOL_CONVERSION = YES;
				CLANG_WARN_COMMA = YES;
				CLANG_WARN_CONSTANT_CONVERSION = YES;
				CLANG_WARN_DEPRECATED_OBJC_IMPLEMENTATIONS = YES;
				CLANG_WARN_DIRECT_OBJC_ISA_USAGE = YES_ERROR;
				CLANG_WARN_DOCUMENTATION_COMMENTS = YES;
				CLANG_WARN_EMPTY_BODY = YES;
				CLANG_WARN_ENUM_CONVERSION = YES;
				CLANG_WARN_INFINITE_RECURSION = YES;
				CLANG_WARN_INT_CONVERSION = YES;
				CLANG_WARN_NON_LITERAL_NULL_CONVERSION = YES;
				CLANG_WARN_OBJC_IMPLICIT_RETAIN_SELF = YES;
				CLANG_WARN_OBJC_LITERAL_CONVERSION = YES;
				CLANG_WARN_OBJC_ROOT_CLASS = YES_ERROR;
				CLANG_WARN_QUOTED_INCLUDE_IN_FRAMEWORK_HEADER = YES;
				CLANG_WARN_RANGE_LOOP_ANALYSIS = YES;
				CLANG_WARN_STRICT_PROTOTYPES = YES;
				CLANG_WARN_SUSPICIOUS_MOVE = YES;
				CLANG_WARN_UNGUARDED_AVAILABILITY = YES_AGGRESSIVE;
				CLANG_WARN_UNREACHABLE_CODE = YES;
				CLANG_WARN__DUPLICATE_METHOD_MATCH = YES;
				COPY_PHASE_STRIP = NO;
				DEBUG_INFORMATION_FORMAT = "dwarf-with-dsym";
				ENABLE_NS_ASSERTIONS = NO;
				ENABLE_STRICT_OBJC_MSGSEND = YES;
				GCC_C_LANGUAGE_STANDARD = gnu11;
				GCC_NO_COMMON_BLOCKS = YES;
				GCC_WARN_64_TO_32_BIT_CONVERSION = YES;
				GCC_WARN_ABOUT_RETURN_TYPE = YES_ERROR;
				GCC_WARN_UNDECLARED_SELECTOR = YES;
				GCC_WARN_UNINITIALIZED_AUTOS = YES_AGGRESSIVE;
				GCC_WARN_UNUSED_FUNCTION = YES;
				GCC_WARN_UNUSED_VARIABLE = YES;
				IPHONEOS_DEPLOYMENT_TARGET = 16.0;
				MTL_ENABLE_DEBUG_INFO = NO;
				MTL_FAST_MATH = YES;
				SDKROOT = iphoneos;
				SWIFT_COMPILATION_MODE = wholemodule;
				SWIFT_OPTIMIZATION_LEVEL = "-O";
				VALIDATE_PRODUCT = YES;
			};
			name = Release;
		};
		D26F189F2915A15F00BEA18B /* Debug */ = {
			isa = XCBuildConfiguration;
			baseConfigurationReference = B35487CF5B99429BBABCDEE8 /* Pods-StskApp.debug.xcconfig */;
			buildSettings = {
				ASSETCATALOG_COMPILER_APPICON_NAME = AppIcon;
				ASSETCATALOG_COMPILER_GLOBAL_ACCENT_COLOR_NAME = AccentColor;
				CODE_SIGN_STYLE = Automatic;
				CURRENT_PROJECT_VERSION = 1;
				DEVELOPMENT_TEAM = "";
				GENERATE_INFOPLIST_FILE = YES;
				INFOPLIST_FILE = StskApp/Info.plist;
				INFOPLIST_KEY_UIApplicationSupportsIndirectInputEvents = YES;
				INFOPLIST_KEY_UILaunchStoryboardName = LaunchScreen;
				INFOPLIST_KEY_UIMainStoryboardFile = Main;
				INFOPLIST_KEY_UISupportedInterfaceOrientations = UIInterfaceOrientationPortrait;
				LD_RUNPATH_SEARCH_PATHS = (
					"$(inherited)",
					"@executable_path/Frameworks",
				);
				MARKETING_VERSION = 1.0;
				PRODUCT_BUNDLE_IDENTIFIER = com.kawa0419.StskApp;
				PRODUCT_NAME = "$(TARGET_NAME)";
				SWIFT_EMIT_LOC_STRINGS = YES;
				SWIFT_VERSION = 5.0;
				TARGETED_DEVICE_FAMILY = "1,2";
			};
			name = Debug;
		};
		D26F18A02915A15F00BEA18B /* Release */ = {
			isa = XCBuildConfiguration;
			baseConfigurationReference = F322594C1EDD971F1638198B /* Pods-StskApp.release.xcconfig */;
			buildSettings = {
				ASSETCATALOG_COMPILER_APPICON_NAME = AppIcon;
				ASSETCATALOG_COMPILER_GLOBAL_ACCENT_COLOR_NAME = AccentColor;
				CODE_SIGN_STYLE = Automatic;
				CURRENT_PROJECT_VERSION = 1;
				DEVELOPMENT_TEAM = "";
				GENERATE_INFOPLIST_FILE = YES;
				INFOPLIST_FILE = StskApp/Info.plist;
				INFOPLIST_KEY_UIApplicationSupportsIndirectInputEvents = YES;
				INFOPLIST_KEY_UILaunchStoryboardName = LaunchScreen;
				INFOPLIST_KEY_UIMainStoryboardFile = Main;
				INFOPLIST_KEY_UISupportedInterfaceOrientations = UIInterfaceOrientationPortrait;
				LD_RUNPATH_SEARCH_PATHS = (
					"$(inherited)",
					"@executable_path/Frameworks",
				);
				MARKETING_VERSION = 1.0;
				PRODUCT_BUNDLE_IDENTIFIER = com.kawa0419.StskApp;
				PRODUCT_NAME = "$(TARGET_NAME)";
				SWIFT_EMIT_LOC_STRINGS = YES;
				SWIFT_VERSION = 5.0;
				TARGETED_DEVICE_FAMILY = "1,2";
			};
			name = Release;
		};
/* End XCBuildConfiguration section */

/* Begin XCConfigurationList section */
		D26F18852915A15D00BEA18B /* Build configuration list for PBXProject "StskApp" */ = {
			isa = XCConfigurationList;
			buildConfigurations = (
				D26F189C2915A15F00BEA18B /* Debug */,
				D26F189D2915A15F00BEA18B /* Release */,
			);
			defaultConfigurationIsVisible = 0;
			defaultConfigurationName = Release;
		};
		D26F189E2915A15F00BEA18B /* Build configuration list for PBXNativeTarget "StskApp" */ = {
			isa = XCConfigurationList;
			buildConfigurations = (
				D26F189F2915A15F00BEA18B /* Debug */,
				D26F18A02915A15F00BEA18B /* Release */,
			);
			defaultConfigurationIsVisible = 0;
			defaultConfigurationName = Release;
		};
/* End XCConfigurationList section */
	};
	rootObject = D26F18822915A15D00BEA18B /* Project object */;
}
